
Microsoft Visual Studio Solution File, Format Version 12.00
# Visual Studio Version 16
VisualStudioVersion = 16.0.31025.194
MinimumVisualStudioVersion = 10.0.40219.1
Project("{FAE04EC0-301F-11D3-BF4B-00C04F79EFBC}") = "izvp_pr4", "izvp_pr4\izvp_pr4.csproj", "{B1FE2820-3F69-4784-B215-55F137EB50FB}"
EndProject
Global
	GlobalSection(SolutionConfigurationPlatforms) = preSolution
		Debug|Any CPU = Debug|Any CPU
		Release|Any CPU = Release|Any CPU
	EndGlobalSection
	GlobalSection(ProjectConfigurationPlatforms) = postSolution
		{B1FE2820-3F69-4784-B215-55F137EB50FB}.Debug|Any CPU.ActiveCfg = Debug|Any CPU
		{B1FE2820-3F69-4784-B215-55F137EB50FB}.Debug|Any CPU.Build.0 = Debug|Any CPU
		{B1FE2820-3F69-4784-B215-55F137EB50FB}.Release|Any CPU.ActiveCfg = Release|Any CPU
		{B1FE2820-3F69-4784-B215-55F137EB50FB}.Release|Any CPU.Build.0 = Release|Any CPU
	EndGlobalSection
	GlobalSection(SolutionProperties) = preSolution
		HideSolutionNode = FALSE
	EndGlobalSection
	GlobalSection(ExtensibilityGlobals) = postSolution
		SolutionGuid = {4365B096-D523-44F2-83A7-72329A5DF99E}
	EndGlobalSection
EndGlobal
